
Microsoft Visual Studio Solution File, Format Version 12.00
# Visual Studio 14
VisualStudioVersion = 14.0.25420.1
MinimumVisualStudioVersion = 10.0.40219.1
Project("{FAE04EC0-301F-11D3-BF4B-00C04F79EFBC}") = "MbDotNet", "MbDotNet\MbDotNet.csproj", "{FE6F9080-0DCE-4444-8539-CFC82DD8D74B}"
EndProject
Project("{FAE04EC0-301F-11D3-BF4B-00C04F79EFBC}") = "MbDotNet.Tests", "MbDotNet.Tests\MbDotNet.Tests.csproj", "{AA6249B2-096C-47F7-B4B8-3684C7226A2E}"
EndProject
Project("{FAE04EC0-301F-11D3-BF4B-00C04F79EFBC}") = "MbDotNet.Acceptance.Tests", "MbDotNet.Acceptance.Tests\MbDotNet.Acceptance.Tests.csproj", "{BBA68448-D4A3-477C-800B-07EA54B013DF}"
EndProject
Global
	GlobalSection(SolutionConfigurationPlatforms) = preSolution
		Debug|Any CPU = Debug|Any CPU
		Release|Any CPU = Release|Any CPU
	EndGlobalSection
	GlobalSection(ProjectConfigurationPlatforms) = postSolution
		{FE6F9080-0DCE-4444-8539-CFC82DD8D74B}.Debug|Any CPU.ActiveCfg = Debug|Any CPU
		{FE6F9080-0DCE-4444-8539-CFC82DD8D74B}.Debug|Any CPU.Build.0 = Debug|Any CPU
		{FE6F9080-0DCE-4444-8539-CFC82DD8D74B}.Release|Any CPU.ActiveCfg = Release|Any CPU
		{FE6F9080-0DCE-4444-8539-CFC82DD8D74B}.Release|Any CPU.Build.0 = Release|Any CPU
		{AA6249B2-096C-47F7-B4B8-3684C7226A2E}.Debug|Any CPU.ActiveCfg = Debug|Any CPU
		{AA6249B2-096C-47F7-B4B8-3684C7226A2E}.Debug|Any CPU.Build.0 = Debug|Any CPU
		{AA6249B2-096C-47F7-B4B8-3684C7226A2E}.Release|Any CPU.ActiveCfg = Release|Any CPU
		{AA6249B2-096C-47F7-B4B8-3684C7226A2E}.Release|Any CPU.Build.0 = Release|Any CPU
		{BBA68448-D4A3-477C-800B-07EA54B013DF}.Debug|Any CPU.ActiveCfg = Debug|Any CPU
		{BBA68448-D4A3-477C-800B-07EA54B013DF}.Debug|Any CPU.Build.0 = Debug|Any CPU
		{BBA68448-D4A3-477C-800B-07EA54B013DF}.Release|Any CPU.ActiveCfg = Release|Any CPU
		{BBA68448-D4A3-477C-800B-07EA54B013DF}.Release|Any CPU.Build.0 = Release|Any CPU
	EndGlobalSection
	GlobalSection(SolutionProperties) = preSolution
		HideSolutionNode = FALSE
	EndGlobalSection
EndGlobal
