
Microsoft Visual Studio Solution File, Format Version 12.00
# Visual Studio Version 16
VisualStudioVersion = 16.0.29424.173
MinimumVisualStudioVersion = 10.0.40219.1
Project("{9A19103F-16F7-4668-BE54-9A1E7A4F7556}") = "MbDotNet", "MbDotNet\MbDotNet.csproj", "{B5015C24-31E6-4CDB-8B18-48529D5D6C31}"
EndProject
Project("{9A19103F-16F7-4668-BE54-9A1E7A4F7556}") = "MbDotNet.Tests", "MbDotNet.Tests\MbDotNet.Tests.csproj", "{4F59E12F-66D2-47E4-85F8-16E4AF36A907}"
EndProject
Project("{2150E333-8FDC-42A3-9474-1A3956D46DE8}") = "Solution Items", "Solution Items", "{FDA737DE-743C-4FA4-B09E-D2A003B50BD8}"
	ProjectSection(SolutionItems) = preProject
		.editorconfig = .editorconfig
	EndProjectSection
EndProject
Global
	GlobalSection(SolutionConfigurationPlatforms) = preSolution
		Debug|Any CPU = Debug|Any CPU
		Release|Any CPU = Release|Any CPU
	EndGlobalSection
	GlobalSection(ProjectConfigurationPlatforms) = postSolution
		{B5015C24-31E6-4CDB-8B18-48529D5D6C31}.Debug|Any CPU.ActiveCfg = Debug|Any CPU
		{B5015C24-31E6-4CDB-8B18-48529D5D6C31}.Debug|Any CPU.Build.0 = Debug|Any CPU
		{B5015C24-31E6-4CDB-8B18-48529D5D6C31}.Release|Any CPU.ActiveCfg = Release|Any CPU
		{B5015C24-31E6-4CDB-8B18-48529D5D6C31}.Release|Any CPU.Build.0 = Release|Any CPU
		{4F59E12F-66D2-47E4-85F8-16E4AF36A907}.Debug|Any CPU.ActiveCfg = Debug|Any CPU
		{4F59E12F-66D2-47E4-85F8-16E4AF36A907}.Debug|Any CPU.Build.0 = Debug|Any CPU
		{4F59E12F-66D2-47E4-85F8-16E4AF36A907}.Release|Any CPU.ActiveCfg = Release|Any CPU
		{4F59E12F-66D2-47E4-85F8-16E4AF36A907}.Release|Any CPU.Build.0 = Release|Any CPU
	EndGlobalSection
	GlobalSection(SolutionProperties) = preSolution
		HideSolutionNode = FALSE
	EndGlobalSection
	GlobalSection(ExtensibilityGlobals) = postSolution
		SolutionGuid = {D4721821-E3D8-4166-A510-CB656764EC82}
	EndGlobalSection
EndGlobal
