
Microsoft Visual Studio Solution File, Format Version 12.00
# Visual Studio 15
VisualStudioVersion = 15.0.27130.2024
MinimumVisualStudioVersion = 10.0.40219.1
Project("{9A19103F-16F7-4668-BE54-9A1E7A4F7556}") = "MbDotNet", "MbDotNet\MbDotNet.csproj", "{B5015C24-31E6-4CDB-8B18-48529D5D6C31}"
EndProject
Project("{9A19103F-16F7-4668-BE54-9A1E7A4F7556}") = "MbDotNet.Acceptance.Tests", "MbDotNet.Acceptance.Tests\MbDotNet.Acceptance.Tests.csproj", "{B45C91B8-9B2A-440F-852B-6DFC00B654F6}"
EndProject
Project("{9A19103F-16F7-4668-BE54-9A1E7A4F7556}") = "MbDotNet.Tests", "MbDotNet.Tests\MbDotNet.Tests.csproj", "{4F59E12F-66D2-47E4-85F8-16E4AF36A907}"
EndProject
Project("{FAE04EC0-301F-11D3-BF4B-00C04F79EFBC}") = "MbDotNet.FunctionalTests", "MbDotNet.FunctionalTests\MbDotNet.FunctionalTests.csproj", "{740DF49E-FCCA-4484-9A56-604E666665B4}"
EndProject
Global
	GlobalSection(SolutionConfigurationPlatforms) = preSolution
		Debug|Any CPU = Debug|Any CPU
		Release|Any CPU = Release|Any CPU
	EndGlobalSection
	GlobalSection(ProjectConfigurationPlatforms) = postSolution
		{B5015C24-31E6-4CDB-8B18-48529D5D6C31}.Debug|Any CPU.ActiveCfg = Debug|Any CPU
		{B5015C24-31E6-4CDB-8B18-48529D5D6C31}.Debug|Any CPU.Build.0 = Debug|Any CPU
		{B5015C24-31E6-4CDB-8B18-48529D5D6C31}.Release|Any CPU.ActiveCfg = Release|Any CPU
		{B5015C24-31E6-4CDB-8B18-48529D5D6C31}.Release|Any CPU.Build.0 = Release|Any CPU
		{B45C91B8-9B2A-440F-852B-6DFC00B654F6}.Debug|Any CPU.ActiveCfg = Debug|Any CPU
		{B45C91B8-9B2A-440F-852B-6DFC00B654F6}.Debug|Any CPU.Build.0 = Debug|Any CPU
		{B45C91B8-9B2A-440F-852B-6DFC00B654F6}.Release|Any CPU.ActiveCfg = Release|Any CPU
		{B45C91B8-9B2A-440F-852B-6DFC00B654F6}.Release|Any CPU.Build.0 = Release|Any CPU
		{4F59E12F-66D2-47E4-85F8-16E4AF36A907}.Debug|Any CPU.ActiveCfg = Debug|Any CPU
		{4F59E12F-66D2-47E4-85F8-16E4AF36A907}.Debug|Any CPU.Build.0 = Debug|Any CPU
		{4F59E12F-66D2-47E4-85F8-16E4AF36A907}.Release|Any CPU.ActiveCfg = Release|Any CPU
		{4F59E12F-66D2-47E4-85F8-16E4AF36A907}.Release|Any CPU.Build.0 = Release|Any CPU
		{740DF49E-FCCA-4484-9A56-604E666665B4}.Debug|Any CPU.ActiveCfg = Debug|Any CPU
		{740DF49E-FCCA-4484-9A56-604E666665B4}.Debug|Any CPU.Build.0 = Debug|Any CPU
		{740DF49E-FCCA-4484-9A56-604E666665B4}.Release|Any CPU.ActiveCfg = Release|Any CPU
		{740DF49E-FCCA-4484-9A56-604E666665B4}.Release|Any CPU.Build.0 = Release|Any CPU
	EndGlobalSection
	GlobalSection(SolutionProperties) = preSolution
		HideSolutionNode = FALSE
	EndGlobalSection
	GlobalSection(ExtensibilityGlobals) = postSolution
		SolutionGuid = {D4721821-E3D8-4166-A510-CB656764EC82}
	EndGlobalSection
EndGlobal
